{
    "_readme": [
        "This file locks the dependencies of your project to a known state",
        "Read more about it at https://getcomposer.org/doc/01-basic-usage.md#installing-dependencies",
        "This file is @generated automatically"
    ],
    "content-hash": "4e0fa2bbe75c9b745628accff0de3941",
    "packages": [
        {
            "name": "doku/jokul-php-library",
            "version": "2.0.0",
            "source": {
                "type": "git",
                "url": "https://github.com/PTNUSASATUINTIARTHA-DOKU/jokul-php-library.git",
                "reference": "fafccb5eb1e91f1149bc1fc5d29864ce6cb6b44f"
            },
            "dist": {
                "type": "zip",
                "url": "https://api.github.com/repos/PTNUSASATUINTIARTHA-DOKU/jokul-php-library/zipball/fafccb5eb1e91f1149bc1fc5d29864ce6cb6b44f",
                "reference": "fafccb5eb1e91f1149bc1fc5d29864ce6cb6b44f",
                "shasum": ""
            },
            "type": "library",
            "autoload": {
                "psr-4": {
                    "DOKU\\": "src/DOKU/"
                }
            },
            "notification-url": "https://packagist.org/downloads/",
            "license": [
                "MIT"
            ],
            "authors": [
                {
                    "name": "Devex Dev",
                    "email": "devexdev@gmail.com"
                }
            ],
            "support": {
                "issues": "https://github.com/PTNUSASATUINTIARTHA-DOKU/jokul-php-library/issues",
                "source": "https://github.com/PTNUSASATUINTIARTHA-DOKU/jokul-php-library/tree/2.0.0"
            },
            "time": "2020-11-13T04:01:20+00:00"
        }
    ],
    "packages-dev": [],
    "aliases": [],
    "minimum-stability": "dev",
    "stability-flags": [],
    "prefer-stable": false,
    "prefer-lowest": false,
    "platform": [],
    "platform-dev": [],
    "plugin-api-version": "2.6.0"
}
